
Microsoft Visual Studio Solution File, Format Version 12.00
# Visual Studio 15
VisualStudioVersion = 15.0.26403.7
MinimumVisualStudioVersion = 10.0.40219.1
Project("{8BC9CEB8-8B4A-11D0-8D11-00A0C91BC942}") = "NeuralNetworkExample", "NeuralNetworkExample\NeuralNetworkExample.vcxproj", "{4387F8BE-BF9A-42F0-A749-31ADE3EA79E7}"
EndProject
Project("{8BC9CEB8-8B4A-11D0-8D11-00A0C91BC942}") = "GridinSolodovnikov", "GridinSolodovnikov\GridinSolodovnikov.vcxproj", "{119CC32E-C911-4DE6-AD50-7BAF1BE6C708}"
EndProject
Global
	GlobalSection(SolutionConfigurationPlatforms) = preSolution
		Debug|x64 = Debug|x64
		Debug|x86 = Debug|x86
		Release|x64 = Release|x64
		Release|x86 = Release|x86
	EndGlobalSection
	GlobalSection(ProjectConfigurationPlatforms) = postSolution
		{4387F8BE-BF9A-42F0-A749-31ADE3EA79E7}.Debug|x64.ActiveCfg = Debug|x64
		{4387F8BE-BF9A-42F0-A749-31ADE3EA79E7}.Debug|x64.Build.0 = Debug|x64
		{4387F8BE-BF9A-42F0-A749-31ADE3EA79E7}.Debug|x86.ActiveCfg = Debug|Win32
		{4387F8BE-BF9A-42F0-A749-31ADE3EA79E7}.Debug|x86.Build.0 = Debug|Win32
		{4387F8BE-BF9A-42F0-A749-31ADE3EA79E7}.Release|x64.ActiveCfg = Release|x64
		{4387F8BE-BF9A-42F0-A749-31ADE3EA79E7}.Release|x64.Build.0 = Release|x64
		{4387F8BE-BF9A-42F0-A749-31ADE3EA79E7}.Release|x86.ActiveCfg = Release|Win32
		{4387F8BE-BF9A-42F0-A749-31ADE3EA79E7}.Release|x86.Build.0 = Release|Win32
		{119CC32E-C911-4DE6-AD50-7BAF1BE6C708}.Debug|x64.ActiveCfg = Debug|x64
		{119CC32E-C911-4DE6-AD50-7BAF1BE6C708}.Debug|x64.Build.0 = Debug|x64
		{119CC32E-C911-4DE6-AD50-7BAF1BE6C708}.Debug|x86.ActiveCfg = Debug|Win32
		{119CC32E-C911-4DE6-AD50-7BAF1BE6C708}.Debug|x86.Build.0 = Debug|Win32
		{119CC32E-C911-4DE6-AD50-7BAF1BE6C708}.Release|x64.ActiveCfg = Release|x64
		{119CC32E-C911-4DE6-AD50-7BAF1BE6C708}.Release|x64.Build.0 = Release|x64
		{119CC32E-C911-4DE6-AD50-7BAF1BE6C708}.Release|x86.ActiveCfg = Release|Win32
		{119CC32E-C911-4DE6-AD50-7BAF1BE6C708}.Release|x86.Build.0 = Release|Win32
	EndGlobalSection
	GlobalSection(SolutionProperties) = preSolution
		HideSolutionNode = FALSE
	EndGlobalSection
EndGlobal
